{
  "originHash" : "3d7a082c4cbceb4b8394fb32a9418c4aaad37ff335a418db0ac72327a53edc79",
  "pins" : [
    {
      "identity" : "switchboard-sdk-ios",
      "kind" : "remoteSourceControl",
      "location" : "https://github.com/switchboard-sdk/switchboard-sdk-ios",
      "state" : {
        "branch" : "develop",
        "revision" : "78f1b09f5b3e2638a9597a8dc263607a638327c9"
      }
    }
  ],
  "version" : 3
}
